// !$*UTF8*$!
{
	archiveVersion = 1;
	classes = {
	};
	objectVersion = 46;
	objects = {

/* Begin PBXBuildFile section */
		A09888C314D74D40003E2120 /* UIKit.framework in Frameworks */ = {isa = PBXBuildFile; fileRef = A09888C214D74D40003E2120 /* UIKit.framework */; };
		A09888C514D74D40003E2120 /* Foundation.framework in Frameworks */ = {isa = PBXBuildFile; fileRef = A09888C414D74D40003E2120 /* Foundation.framework */; };
		A09888C714D74D40003E2120 /* CoreGraphics.framework in Frameworks */ = {isa = PBXBuildFile; fileRef = A09888C614D74D40003E2120 /* CoreGraphics.framework */; };
		A09888CD14D74D40003E2120 /* InfoPlist.strings in Resources */ = {isa = PBXBuildFile; fileRef = A09888CB14D74D40003E2120 /* InfoPlist.strings */; };
		A09888CF14D74D40003E2120 /* main.m in Sources */ = {isa = PBXBuildFile; fileRef = A09888CE14D74D40003E2120 /* main.m */; };
		A09888D314D74D40003E2120 /* AppDelegate.m in Sources */ = {isa = PBXBuildFile; fileRef = A09888D214D74D40003E2120 /* AppDelegate.m */; };
		A09888D614D74D40003E2120 /* ViewController.m in Sources */ = {isa = PBXBuildFile; fileRef = A09888D514D74D40003E2120 /* ViewController.m */; };
		A09888D914D74D40003E2120 /* ViewController.xib in Resources */ = {isa = PBXBuildFile; fileRef = A09888D714D74D40003E2120 /* ViewController.xib */; };
		A09888E114D74D4C003E2120 /* RSCubeView.m in Sources */ = {isa = PBXBuildFile; fileRef = A09888E014D74D4C003E2120 /* RSCubeView.m */; };
		A09888E314D75127003E2120 /* QuartzCore.framework in Frameworks */ = {isa = PBXBuildFile; fileRef = A09888E214D75127003E2120 /* QuartzCore.framework */; };
/* End PBXBuildFile section */

/* Begin PBXFileReference section */
		A09888BE14D74D40003E2120 /* CubeFlip.app */ = {isa = PBXFileReference; explicitFileType = wrapper.application; includeInIndex = 0; path = CubeFlip.app; sourceTree = BUILT_PRODUCTS_DIR; };
		A09888C214D74D40003E2120 /* UIKit.framework */ = {isa = PBXFileReference; lastKnownFileType = wrapper.framework; name = UIKit.framework; path = System/Library/Frameworks/UIKit.framework; sourceTree = SDKROOT; };
		A09888C414D74D40003E2120 /* Foundation.framework */ = {isa = PBXFileReference; lastKnownFileType = wrapper.framework; name = Foundation.framework; path = System/Library/Frameworks/Foundation.framework; sourceTree = SDKROOT; };
		A09888C614D74D40003E2120 /* CoreGraphics.framework */ = {isa = PBXFileReference; lastKnownFileType = wrapper.framework; name = CoreGraphics.framework; path = System/Library/Frameworks/CoreGraphics.framework; sourceTree = SDKROOT; };
		A09888CA14D74D40003E2120 /* CubeFlip-Info.plist */ = {isa = PBXFileReference; lastKnownFileType = text.plist.xml; path = "CubeFlip-Info.plist"; sourceTree = "<group>"; };
		A09888CC14D74D40003E2120 /* en */ = {isa = PBXFileReference; lastKnownFileType = text.plist.strings; name = en; path = en.lproj/InfoPlist.strings; sourceTree = "<group>"; };
		A09888CE14D74D40003E2120 /* main.m */ = {isa = PBXFileReference; lastKnownFileType = sourcecode.c.objc; path = main.m; sourceTree = "<group>"; };
		A09888D014D74D40003E2120 /* CubeFlip-Prefix.pch */ = {isa = PBXFileReference; lastKnownFileType = sourcecode.c.h; path = "CubeFlip-Prefix.pch"; sourceTree = "<group>"; };
		A09888D114D74D40003E2120 /* AppDelegate.h */ = {isa = PBXFileReference; lastKnownFileType = sourcecode.c.h; path = AppDelegate.h; sourceTree = "<group>"; };
		A09888D214D74D40003E2120 /* AppDelegate.m */ = {isa = PBXFileReference; lastKnownFileType = sourcecode.c.objc; path = AppDelegate.m; sourceTree = "<group>"; };
		A09888D414D74D40003E2120 /* ViewController.h */ = {isa = PBXFileReference; lastKnownFileType = sourcecode.c.h; path = ViewController.h; sourceTree = "<group>"; };
		A09888D514D74D40003E2120 /* ViewController.m */ = {isa = PBXFileReference; lastKnownFileType = sourcecode.c.objc; path = ViewController.m; sourceTree = "<group>"; };
		A09888D814D74D40003E2120 /* en */ = {isa = PBXFileReference; lastKnownFileType = file.xib; name = en; path = en.lproj/ViewController.xib; sourceTree = "<group>"; };
		A09888DF14D74D4C003E2120 /* RSCubeView.h */ = {isa = PBXFileReference; fileEncoding = 4; lastKnownFileType = sourcecode.c.h; path = RSCubeView.h; sourceTree = "<group>"; };
		A09888E014D74D4C003E2120 /* RSCubeView.m */ = {isa = PBXFileReference; fileEncoding = 4; lastKnownFileType = sourcecode.c.objc; path = RSCubeView.m; sourceTree = "<group>"; };
		A09888E214D75127003E2120 /* QuartzCore.framework */ = {isa = PBXFileReference; lastKnownFileType = wrapper.framework; name = QuartzCore.framework; path = System/Library/Frameworks/QuartzCore.framework; sourceTree = SDKROOT; };
/* End PBXFileReference section */

/* Begin PBXFrameworksBuildPhase section */
		A09888BB14D74D40003E2120 /* Frameworks */ = {
			isa = PBXFrameworksBuildPhase;
			buildActionMask = 2147483647;
			files = (
				A09888E314D75127003E2120 /* QuartzCore.framework in Frameworks */,
				A09888C314D74D40003E2120 /* UIKit.framework in Frameworks */,
				A09888C514D74D40003E2120 /* Foundation.framework in Frameworks */,
				A09888C714D74D40003E2120 /* CoreGraphics.framework in Frameworks */,
			);
			runOnlyForDeploymentPostprocessing = 0;
		};
/* End PBXFrameworksBuildPhase section */

/* Begin PBXGroup section */
		A09888B314D74D40003E2120 = {
			isa = PBXGroup;
			children = (
				A09888E214D75127003E2120 /* QuartzCore.framework */,
				A09888C814D74D40003E2120 /* CubeFlip */,
				A09888C114D74D40003E2120 /* Frameworks */,
				A09888BF14D74D40003E2120 /* Products */,
			);
			sourceTree = "<group>";
		};
		A09888BF14D74D40003E2120 /* Products */ = {
			isa = PBXGroup;
			children = (
				A09888BE14D74D40003E2120 /* CubeFlip.app */,
			);
			name = Products;
			sourceTree = "<group>";
		};
		A09888C114D74D40003E2120 /* Frameworks */ = {
			isa = PBXGroup;
			children = (
				A09888C214D74D40003E2120 /* UIKit.framework */,
				A09888C414D74D40003E2120 /* Foundation.framework */,
				A09888C614D74D40003E2120 /* CoreGraphics.framework */,
			);
			name = Frameworks;
			sourceTree = "<group>";
		};
		A09888C814D74D40003E2120 /* CubeFlip */ = {
			isa = PBXGroup;
			children = (
				A09888DF14D74D4C003E2120 /* RSCubeView.h */,
				A09888E014D74D4C003E2120 /* RSCubeView.m */,
				A09888D114D74D40003E2120 /* AppDelegate.h */,
				A09888D214D74D40003E2120 /* AppDelegate.m */,
				A09888D414D74D40003E2120 /* ViewController.h */,
				A09888D514D74D40003E2120 /* ViewController.m */,
				A09888D714D74D40003E2120 /* ViewController.xib */,
				A09888C914D74D40003E2120 /* Supporting Files */,
			);
			path = CubeFlip;
			sourceTree = "<group>";
		};
		A09888C914D74D40003E2120 /* Supporting Files */ = {
			isa = PBXGroup;
			children = (
				A09888CA14D74D40003E2120 /* CubeFlip-Info.plist */,
				A09888CB14D74D40003E2120 /* InfoPlist.strings */,
				A09888CE14D74D40003E2120 /* main.m */,
				A09888D014D74D40003E2120 /* CubeFlip-Prefix.pch */,
			);
			name = "Supporting Files";
			sourceTree = "<group>";
		};
/* End PBXGroup section */

/* Begin PBXNativeTarget section */
		A09888BD14D74D40003E2120 /* CubeFlip */ = {
			isa = PBXNativeTarget;
			buildConfigurationList = A09888DC14D74D40003E2120 /* Build configuration list for PBXNativeTarget "CubeFlip" */;
			buildPhases = (
				A09888BA14D74D40003E2120 /* Sources */,
				A09888BB14D74D40003E2120 /* Frameworks */,
				A09888BC14D74D40003E2120 /* Resources */,
			);
			buildRules = (
			);
			dependencies = (
			);
			name = CubeFlip;
			productName = CubeFlip;
			productReference = A09888BE14D74D40003E2120 /* CubeFlip.app */;
			productType = "com.apple.product-type.application";
		};
/* End PBXNativeTarget section */

/* Begin PBXProject section */
		A09888B514D74D40003E2120 /* Project object */ = {
			isa = PBXProject;
			attributes = {
				LastUpgradeCheck = 0420;
			};
			buildConfigurationList = A09888B814D74D40003E2120 /* Build configuration list for PBXProject "CubeFlip" */;
			compatibilityVersion = "Xcode 3.2";
			developmentRegion = English;
			hasScannedForEncodings = 0;
			knownRegions = (
				en,
			);
			mainGroup = A09888B314D74D40003E2120;
			productRefGroup = A09888BF14D74D40003E2120 /* Products */;
			projectDirPath = "";
			projectRoot = "";
			targets = (
				A09888BD14D74D40003E2120 /* CubeFlip */,
			);
		};
/* End PBXProject section */

/* Begin PBXResourcesBuildPhase section */
		A09888BC14D74D40003E2120 /* Resources */ = {
			isa = PBXResourcesBuildPhase;
			buildActionMask = 2147483647;
			files = (
				A09888CD14D74D40003E2120 /* InfoPlist.strings in Resources */,
				A09888D914D74D40003E2120 /* ViewController.xib in Resources */,
			);
			runOnlyForDeploymentPostprocessing = 0;
		};
/* End PBXResourcesBuildPhase section */

/* Begin PBXSourcesBuildPhase section */
		A09888BA14D74D40003E2120 /* Sources */ = {
			isa = PBXSourcesBuildPhase;
			buildActionMask = 2147483647;
			files = (
				A09888CF14D74D40003E2120 /* main.m in Sources */,
				A09888D314D74D40003E2120 /* AppDelegate.m in Sources */,
				A09888D614D74D40003E2120 /* ViewController.m in Sources */,
				A09888E114D74D4C003E2120 /* RSCubeView.m in Sources */,
			);
			runOnlyForDeploymentPostprocessing = 0;
		};
/* End PBXSourcesBuildPhase section */

/* Begin PBXVariantGroup section */
		A09888CB14D74D40003E2120 /* InfoPlist.strings */ = {
			isa = PBXVariantGroup;
			children = (
				A09888CC14D74D40003E2120 /* en */,
			);
			name = InfoPlist.strings;
			sourceTree = "<group>";
		};
		A09888D714D74D40003E2120 /* ViewController.xib */ = {
			isa = PBXVariantGroup;
			children = (
				A09888D814D74D40003E2120 /* en */,
			);
			name = ViewController.xib;
			sourceTree = "<group>";
		};
/* End PBXVariantGroup section */

/* Begin XCBuildConfiguration section */
		A09888DA14D74D40003E2120 /* Debug */ = {
			isa = XCBuildConfiguration;
			buildSettings = {
				ALWAYS_SEARCH_USER_PATHS = NO;
				ARCHS = "$(ARCHS_STANDARD_32_BIT)";
				CLANG_ENABLE_OBJC_ARC = YES;
				"CODE_SIGN_IDENTITY[sdk=iphoneos*]" = "iPhone Developer";
				COPY_PHASE_STRIP = NO;
				GCC_C_LANGUAGE_STANDARD = gnu99;
				GCC_DYNAMIC_NO_PIC = NO;
				GCC_OPTIMIZATION_LEVEL = 0;
				GCC_PREPROCESSOR_DEFINITIONS = (
					"DEBUG=1",
					"$(inherited)",
				);
				GCC_SYMBOLS_PRIVATE_EXTERN = NO;
				GCC_VERSION = com.apple.compilers.llvm.clang.1_0;
				GCC_WARN_ABOUT_MISSING_PROTOTYPES = YES;
				GCC_WARN_ABOUT_RETURN_TYPE = YES;
				GCC_WARN_UNUSED_VARIABLE = YES;
				IPHONEOS_DEPLOYMENT_TARGET = 5.0;
				SDKROOT = iphoneos;
				TARGETED_DEVICE_FAMILY = 2;
			};
			name = Debug;
		};
		A09888DB14D74D40003E2120 /* Release */ = {
			isa = XCBuildConfiguration;
			buildSettings = {
				ALWAYS_SEARCH_USER_PATHS = NO;
				ARCHS = "$(ARCHS_STANDARD_32_BIT)";
				CLANG_ENABLE_OBJC_ARC = YES;
				"CODE_SIGN_IDENTITY[sdk=iphoneos*]" = "iPhone Developer";
				COPY_PHASE_STRIP = YES;
				GCC_C_LANGUAGE_STANDARD = gnu99;
				GCC_VERSION = com.apple.compilers.llvm.clang.1_0;
				GCC_WARN_ABOUT_MISSING_PROTOTYPES = YES;
				GCC_WARN_ABOUT_RETURN_TYPE = YES;
				GCC_WARN_UNUSED_VARIABLE = YES;
				IPHONEOS_DEPLOYMENT_TARGET = 5.0;
				OTHER_CFLAGS = "-DNS_BLOCK_ASSERTIONS=1";
				SDKROOT = iphoneos;
				TARGETED_DEVICE_FAMILY = 2;
				VALIDATE_PRODUCT = YES;
			};
			name = Release;
		};
		A09888DD14D74D40003E2120 /* Debug */ = {
			isa = XCBuildConfiguration;
			buildSettings = {
				CLANG_ENABLE_OBJC_ARC = YES;
				GCC_PRECOMPILE_PREFIX_HEADER = YES;
				GCC_PREFIX_HEADER = "CubeFlip/CubeFlip-Prefix.pch";
				INFOPLIST_FILE = "CubeFlip/CubeFlip-Info.plist";
				PRODUCT_NAME = "$(TARGET_NAME)";
				WRAPPER_EXTENSION = app;
			};
			name = Debug;
		};
		A09888DE14D74D40003E2120 /* Release */ = {
			isa = XCBuildConfiguration;
			buildSettings = {
				CLANG_ENABLE_OBJC_ARC = YES;
				GCC_PRECOMPILE_PREFIX_HEADER = YES;
				GCC_PREFIX_HEADER = "CubeFlip/CubeFlip-Prefix.pch";
				INFOPLIST_FILE = "CubeFlip/CubeFlip-Info.plist";
				PRODUCT_NAME = "$(TARGET_NAME)";
				WRAPPER_EXTENSION = app;
			};
			name = Release;
		};
/* End XCBuildConfiguration section */

/* Begin XCConfigurationList section */
		A09888B814D74D40003E2120 /* Build configuration list for PBXProject "CubeFlip" */ = {
			isa = XCConfigurationList;
			buildConfigurations = (
				A09888DA14D74D40003E2120 /* Debug */,
				A09888DB14D74D40003E2120 /* Release */,
			);
			defaultConfigurationIsVisible = 0;
			defaultConfigurationName = Release;
		};
		A09888DC14D74D40003E2120 /* Build configuration list for PBXNativeTarget "CubeFlip" */ = {
			isa = XCConfigurationList;
			buildConfigurations = (
				A09888DD14D74D40003E2120 /* Debug */,
				A09888DE14D74D40003E2120 /* Release */,
			);
			defaultConfigurationIsVisible = 0;
			defaultConfigurationName = Release;
		};
/* End XCConfigurationList section */
	};
	rootObject = A09888B514D74D40003E2120 /* Project object */;
}
